// !$*UTF8*$!
{
	archiveVersion = 1;
	classes = {
	};
	objectVersion = 50;
	objects = {

/* Begin PBXBuildFile section */
		3D502C40D95DBE9209B8446D /* Pods_Home.framework in Frameworks */ = {isa = PBXBuildFile; fileRef = B2B447612DADA0CE04CB992A /* Pods_Home.framework */; };
		FA5224E6265C9B8C00DB7BEE /* Asset.xcassets in Resources */ = {isa = PBXBuildFile; fileRef = FA5224E5265C9B8C00DB7BEE /* Asset.xcassets */; };
		FA5224E9265CA1DF00DB7BEE /* HomeDataSource.swift in Sources */ = {isa = PBXBuildFile; fileRef = FA5224E8265CA1DF00DB7BEE /* HomeDataSource.swift */; };
		FA5224EC265CA8C300DB7BEE /* HomeView.swift in Sources */ = {isa = PBXBuildFile; fileRef = FA5224EB265CA8C300DB7BEE /* HomeView.swift */; };
		FA5224F0265CAA2900DB7BEE /* HomeRouter.swift in Sources */ = {isa = PBXBuildFile; fileRef = FA5224EF265CAA2900DB7BEE /* HomeRouter.swift */; };
		FA5224F4265CAA7F00DB7BEE /* HomeRouterImpl.swift in Sources */ = {isa = PBXBuildFile; fileRef = FA5224F3265CAA7F00DB7BEE /* HomeRouterImpl.swift */; };
		FA5224F8265CAB5C00DB7BEE /* HomeInteractor.swift in Sources */ = {isa = PBXBuildFile; fileRef = FA5224F7265CAB5C00DB7BEE /* HomeInteractor.swift */; };
		FA5224FB265CAB8900DB7BEE /* HomeInteractorOutput.swift in Sources */ = {isa = PBXBuildFile; fileRef = FA5224FA265CAB8900DB7BEE /* HomeInteractorOutput.swift */; };
		FA5224FE265CABE200DB7BEE /* HomeInteractorImpl.swift in Sources */ = {isa = PBXBuildFile; fileRef = FA5224FD265CABE200DB7BEE /* HomeInteractorImpl.swift */; };
		FA522502265CAEC000DB7BEE /* HomePresenter.swift in Sources */ = {isa = PBXBuildFile; fileRef = FA522501265CAEC000DB7BEE /* HomePresenter.swift */; };
		FA522505265CAF1100DB7BEE /* HomePresenterImpl.swift in Sources */ = {isa = PBXBuildFile; fileRef = FA522504265CAF1100DB7BEE /* HomePresenterImpl.swift */; };
		FA522541265CEAEF00DB7BEE /* DashboardViewCell.swift in Sources */ = {isa = PBXBuildFile; fileRef = FA52253F265CEAEF00DB7BEE /* DashboardViewCell.swift */; };
		FA522542265CEAEF00DB7BEE /* DashboardViewCell.xib in Resources */ = {isa = PBXBuildFile; fileRef = FA522540265CEAEF00DB7BEE /* DashboardViewCell.xib */; };
		FA84281F265E0CA2001A0EF6 /* DashBoardCellDelegate.swift in Sources */ = {isa = PBXBuildFile; fileRef = FA84281E265E0CA2001A0EF6 /* DashBoardCellDelegate.swift */; };
		FAAA8C2E265B4F0700B83678 /* Home.framework in Frameworks */ = {isa = PBXBuildFile; fileRef = FAAA8C24265B4F0700B83678 /* Home.framework */; };
		FAAA8C33265B4F0700B83678 /* HomeTests.swift in Sources */ = {isa = PBXBuildFile; fileRef = FAAA8C32265B4F0700B83678 /* HomeTests.swift */; };
		FAAA8C35265B4F0700B83678 /* Home.h in Headers */ = {isa = PBXBuildFile; fileRef = FAAA8C27265B4F0700B83678 /* Home.h */; settings = {ATTRIBUTES = (Public, ); }; };
		FAAA8D59265BAF6500B83678 /* Core.framework in Frameworks */ = {isa = PBXBuildFile; fileRef = FAAA8D58265BAF6500B83678 /* Core.framework */; };
		FAAA8D5A265BAF6500B83678 /* Core.framework in Embed Frameworks */ = {isa = PBXBuildFile; fileRef = FAAA8D58265BAF6500B83678 /* Core.framework */; settings = {ATTRIBUTES = (CodeSignOnCopy, RemoveHeadersOnCopy, ); }; };
		FAAA8D5F265BAFC900B83678 /* UserProfileEntity.swift in Sources */ = {isa = PBXBuildFile; fileRef = FAAA8D5E265BAFC900B83678 /* UserProfileEntity.swift */; };
		FAAA8D64265BB02D00B83678 /* HomeViewController.swift in Sources */ = {isa = PBXBuildFile; fileRef = FAAA8D62265BB02D00B83678 /* HomeViewController.swift */; };
		FAAA8D65265BB02D00B83678 /* HomeViewController.xib in Resources */ = {isa = PBXBuildFile; fileRef = FAAA8D63265BB02D00B83678 /* HomeViewController.xib */; };
/* End PBXBuildFile section */

/* Begin PBXContainerItemProxy section */
		FAAA8C2F265B4F0700B83678 /* PBXContainerItemProxy */ = {
			isa = PBXContainerItemProxy;
			containerPortal = FAAA8C1B265B4F0700B83678 /* Project object */;
			proxyType = 1;
			remoteGlobalIDString = FAAA8C23265B4F0700B83678;
			remoteInfo = Home;
		};
/* End PBXContainerItemProxy section */

/* Begin PBXCopyFilesBuildPhase section */
		FAAA8D5B265BAF6500B83678 /* Embed Frameworks */ = {
			isa = PBXCopyFilesBuildPhase;
			buildActionMask = 2147483647;
			dstPath = "";
			dstSubfolderSpec = 10;
			files = (
				FAAA8D5A265BAF6500B83678 /* Core.framework in Embed Frameworks */,
			);
			name = "Embed Frameworks";
			runOnlyForDeploymentPostprocessing = 0;
		};
/* End PBXCopyFilesBuildPhase section */

/* Begin PBXFileReference section */
		597C4F200E61EB9A73C361E4 /* Pods-Home.release.xcconfig */ = {isa = PBXFileReference; includeInIndex = 1; lastKnownFileType = text.xcconfig; name = "Pods-Home.release.xcconfig"; path = "Target Support Files/Pods-Home/Pods-Home.release.xcconfig"; sourceTree = "<group>"; };
		80A60FEE4EE12AB9EEAFF394 /* Pods-Home.debug.xcconfig */ = {isa = PBXFileReference; includeInIndex = 1; lastKnownFileType = text.xcconfig; name = "Pods-Home.debug.xcconfig"; path = "Target Support Files/Pods-Home/Pods-Home.debug.xcconfig"; sourceTree = "<group>"; };
		B2B447612DADA0CE04CB992A /* Pods_Home.framework */ = {isa = PBXFileReference; explicitFileType = wrapper.framework; includeInIndex = 0; path = Pods_Home.framework; sourceTree = BUILT_PRODUCTS_DIR; };
		FA5224E5265C9B8C00DB7BEE /* Asset.xcassets */ = {isa = PBXFileReference; lastKnownFileType = folder.assetcatalog; path = Asset.xcassets; sourceTree = "<group>"; };
		FA5224E8265CA1DF00DB7BEE /* HomeDataSource.swift */ = {isa = PBXFileReference; lastKnownFileType = sourcecode.swift; path = HomeDataSource.swift; sourceTree = "<group>"; };
		FA5224EB265CA8C300DB7BEE /* HomeView.swift */ = {isa = PBXFileReference; lastKnownFileType = sourcecode.swift; path = HomeView.swift; sourceTree = "<group>"; };
		FA5224EF265CAA2900DB7BEE /* HomeRouter.swift */ = {isa = PBXFileReference; lastKnownFileType = sourcecode.swift; path = HomeRouter.swift; sourceTree = "<group>"; };
		FA5224F3265CAA7F00DB7BEE /* HomeRouterImpl.swift */ = {isa = PBXFileReference; lastKnownFileType = sourcecode.swift; path = HomeRouterImpl.swift; sourceTree = "<group>"; };
		FA5224F7265CAB5C00DB7BEE /* HomeInteractor.swift */ = {isa = PBXFileReference; lastKnownFileType = sourcecode.swift; path = HomeInteractor.swift; sourceTree = "<group>"; };
		FA5224FA265CAB8900DB7BEE /* HomeInteractorOutput.swift */ = {isa = PBXFileReference; lastKnownFileType = sourcecode.swift; path = HomeInteractorOutput.swift; sourceTree = "<group>"; };
		FA5224FD265CABE200DB7BEE /* HomeInteractorImpl.swift */ = {isa = PBXFileReference; lastKnownFileType = sourcecode.swift; path = HomeInteractorImpl.swift; sourceTree = "<group>"; };
		FA522501265CAEC000DB7BEE /* HomePresenter.swift */ = {isa = PBXFileReference; lastKnownFileType = sourcecode.swift; path = HomePresenter.swift; sourceTree = "<group>"; };
		FA522504265CAF1100DB7BEE /* HomePresenterImpl.swift */ = {isa = PBXFileReference; lastKnownFileType = sourcecode.swift; path = HomePresenterImpl.swift; sourceTree = "<group>"; };
		FA52253F265CEAEF00DB7BEE /* DashboardViewCell.swift */ = {isa = PBXFileReference; lastKnownFileType = sourcecode.swift; path = DashboardViewCell.swift; sourceTree = "<group>"; };
		FA522540265CEAEF00DB7BEE /* DashboardViewCell.xib */ = {isa = PBXFileReference; lastKnownFileType = file.xib; path = DashboardViewCell.xib; sourceTree = "<group>"; };
		FA84281E265E0CA2001A0EF6 /* DashBoardCellDelegate.swift */ = {isa = PBXFileReference; lastKnownFileType = sourcecode.swift; path = DashBoardCellDelegate.swift; sourceTree = "<group>"; };
		FAAA8C24265B4F0700B83678 /* Home.framework */ = {isa = PBXFileReference; explicitFileType = wrapper.framework; includeInIndex = 0; path = Home.framework; sourceTree = BUILT_PRODUCTS_DIR; };
		FAAA8C27265B4F0700B83678 /* Home.h */ = {isa = PBXFileReference; lastKnownFileType = sourcecode.c.h; path = Home.h; sourceTree = "<group>"; };
		FAAA8C28265B4F0700B83678 /* Info.plist */ = {isa = PBXFileReference; lastKnownFileType = text.plist.xml; path = Info.plist; sourceTree = "<group>"; };
		FAAA8C2D265B4F0700B83678 /* HomeTests.xctest */ = {isa = PBXFileReference; explicitFileType = wrapper.cfbundle; includeInIndex = 0; path = HomeTests.xctest; sourceTree = BUILT_PRODUCTS_DIR; };
		FAAA8C32265B4F0700B83678 /* HomeTests.swift */ = {isa = PBXFileReference; lastKnownFileType = sourcecode.swift; path = HomeTests.swift; sourceTree = "<group>"; };
		FAAA8C34265B4F0700B83678 /* Info.plist */ = {isa = PBXFileReference; lastKnownFileType = text.plist.xml; path = Info.plist; sourceTree = "<group>"; };
		FAAA8D58265BAF6500B83678 /* Core.framework */ = {isa = PBXFileReference; explicitFileType = wrapper.framework; path = Core.framework; sourceTree = BUILT_PRODUCTS_DIR; };
		FAAA8D5E265BAFC900B83678 /* UserProfileEntity.swift */ = {isa = PBXFileReference; lastKnownFileType = sourcecode.swift; path = UserProfileEntity.swift; sourceTree = "<group>"; };
		FAAA8D62265BB02D00B83678 /* HomeViewController.swift */ = {isa = PBXFileReference; lastKnownFileType = sourcecode.swift; path = HomeViewController.swift; sourceTree = "<group>"; };
		FAAA8D63265BB02D00B83678 /* HomeViewController.xib */ = {isa = PBXFileReference; lastKnownFileType = file.xib; path = HomeViewController.xib; sourceTree = "<group>"; };
/* End PBXFileReference section */

/* Begin PBXFrameworksBuildPhase section */
		FAAA8C21265B4F0700B83678 /* Frameworks */ = {
			isa = PBXFrameworksBuildPhase;
			buildActionMask = 2147483647;
			files = (
				3D502C40D95DBE9209B8446D /* Pods_Home.framework in Frameworks */,
				FAAA8D59265BAF6500B83678 /* Core.framework in Frameworks */,
			);
			runOnlyForDeploymentPostprocessing = 0;
		};
		FAAA8C2A265B4F0700B83678 /* Frameworks */ = {
			isa = PBXFrameworksBuildPhase;
			buildActionMask = 2147483647;
			files = (
				FAAA8C2E265B4F0700B83678 /* Home.framework in Frameworks */,
			);
			runOnlyForDeploymentPostprocessing = 0;
		};
/* End PBXFrameworksBuildPhase section */

/* Begin PBXGroup section */
		66836E50012595131DB119CF /* Frameworks */ = {
			isa = PBXGroup;
			children = (
				FAAA8D58265BAF6500B83678 /* Core.framework */,
				B2B447612DADA0CE04CB992A /* Pods_Home.framework */,
			);
			name = Frameworks;
			sourceTree = "<group>";
		};
		DCBB76C96A26CC06E0BF0996 /* Pods */ = {
			isa = PBXGroup;
			children = (
				80A60FEE4EE12AB9EEAFF394 /* Pods-Home.debug.xcconfig */,
				597C4F200E61EB9A73C361E4 /* Pods-Home.release.xcconfig */,
			);
			name = Pods;
			path = ../../App/Pods;
			sourceTree = "<group>";
		};
		FA5224EE265CAA1D00DB7BEE /* Router */ = {
			isa = PBXGroup;
			children = (
				FA5224EF265CAA2900DB7BEE /* HomeRouter.swift */,
				FA5224F3265CAA7F00DB7BEE /* HomeRouterImpl.swift */,
			);
			path = Router;
			sourceTree = "<group>";
		};
		FA5224F6265CAB1700DB7BEE /* Interactor */ = {
			isa = PBXGroup;
			children = (
				FA5224F7265CAB5C00DB7BEE /* HomeInteractor.swift */,
				FA5224FA265CAB8900DB7BEE /* HomeInteractorOutput.swift */,
				FA5224FD265CABE200DB7BEE /* HomeInteractorImpl.swift */,
			);
			path = Interactor;
			sourceTree = "<group>";
		};
		FA522500265CAEB400DB7BEE /* Presenter */ = {
			isa = PBXGroup;
			children = (
				FA522501265CAEC000DB7BEE /* HomePresenter.swift */,
				FA522504265CAF1100DB7BEE /* HomePresenterImpl.swift */,
			);
			path = Presenter;
			sourceTree = "<group>";
		};
		FAAA8C1A265B4F0700B83678 = {
			isa = PBXGroup;
			children = (
				FA5224E5265C9B8C00DB7BEE /* Asset.xcassets */,
				FAAA8C26265B4F0700B83678 /* Home */,
				FAAA8C31265B4F0700B83678 /* HomeTests */,
				FAAA8C25265B4F0700B83678 /* Products */,
				DCBB76C96A26CC06E0BF0996 /* Pods */,
				66836E50012595131DB119CF /* Frameworks */,
			);
			sourceTree = "<group>";
		};
		FAAA8C25265B4F0700B83678 /* Products */ = {
			isa = PBXGroup;
			children = (
				FAAA8C24265B4F0700B83678 /* Home.framework */,
				FAAA8C2D265B4F0700B83678 /* HomeTests.xctest */,
			);
			name = Products;
			sourceTree = "<group>";
		};
		FAAA8C26265B4F0700B83678 /* Home */ = {
			isa = PBXGroup;
			children = (
				FAAA8D61265BB01500B83678 /* View */,
				FA5224F6265CAB1700DB7BEE /* Interactor */,
				FA522500265CAEB400DB7BEE /* Presenter */,
				FAAA8D5C265BAF8700B83678 /* Entity */,
				FA5224EE265CAA1D00DB7BEE /* Router */,
				FAAA8C27265B4F0700B83678 /* Home.h */,
				FAAA8C28265B4F0700B83678 /* Info.plist */,
			);
			path = Home;
			sourceTree = "<group>";
		};
		FAAA8C31265B4F0700B83678 /* HomeTests */ = {
			isa = PBXGroup;
			children = (
				FAAA8C32265B4F0700B83678 /* HomeTests.swift */,
				FAAA8C34265B4F0700B83678 /* Info.plist */,
			);
			path = HomeTests;
			sourceTree = "<group>";
		};
		FAAA8D5C265BAF8700B83678 /* Entity */ = {
			isa = PBXGroup;
			children = (
				FAAA8D5E265BAFC900B83678 /* UserProfileEntity.swift */,
			);
			path = Entity;
			sourceTree = "<group>";
		};
		FAAA8D61265BB01500B83678 /* View */ = {
			isa = PBXGroup;
			children = (
				FAAA8D67265BB09600B83678 /* Cell */,
				FAAA8D62265BB02D00B83678 /* HomeViewController.swift */,
				FAAA8D63265BB02D00B83678 /* HomeViewController.xib */,
				FA5224E8265CA1DF00DB7BEE /* HomeDataSource.swift */,
				FA5224EB265CA8C300DB7BEE /* HomeView.swift */,
			);
			path = View;
			sourceTree = "<group>";
		};
		FAAA8D67265BB09600B83678 /* Cell */ = {
			isa = PBXGroup;
			children = (
				FA52253F265CEAEF00DB7BEE /* DashboardViewCell.swift */,
				FA522540265CEAEF00DB7BEE /* DashboardViewCell.xib */,
				FA84281E265E0CA2001A0EF6 /* DashBoardCellDelegate.swift */,
			);
			path = Cell;
			sourceTree = "<group>";
		};
/* End PBXGroup section */

/* Begin PBXHeadersBuildPhase section */
		FAAA8C1F265B4F0700B83678 /* Headers */ = {
			isa = PBXHeadersBuildPhase;
			buildActionMask = 2147483647;
			files = (
				FAAA8C35265B4F0700B83678 /* Home.h in Headers */,
			);
			runOnlyForDeploymentPostprocessing = 0;
		};
/* End PBXHeadersBuildPhase section */

/* Begin PBXNativeTarget section */
		FAAA8C23265B4F0700B83678 /* Home */ = {
			isa = PBXNativeTarget;
			buildConfigurationList = FAAA8C38265B4F0700B83678 /* Build configuration list for PBXNativeTarget "Home" */;
			buildPhases = (
				89BC1872E293F37FA631AB35 /* [CP] Check Pods Manifest.lock */,
				FAAA8C1F265B4F0700B83678 /* Headers */,
				FAAA8C20265B4F0700B83678 /* Sources */,
				FAAA8C21265B4F0700B83678 /* Frameworks */,
				FAAA8C22265B4F0700B83678 /* Resources */,
				FAAA8D5B265BAF6500B83678 /* Embed Frameworks */,
			);
			buildRules = (
			);
			dependencies = (
			);
			name = Home;
			productName = Home;
			productReference = FAAA8C24265B4F0700B83678 /* Home.framework */;
			productType = "com.apple.product-type.framework";
		};
		FAAA8C2C265B4F0700B83678 /* HomeTests */ = {
			isa = PBXNativeTarget;
			buildConfigurationList = FAAA8C3B265B4F0700B83678 /* Build configuration list for PBXNativeTarget "HomeTests" */;
			buildPhases = (
				FAAA8C29265B4F0700B83678 /* Sources */,
				FAAA8C2A265B4F0700B83678 /* Frameworks */,
				FAAA8C2B265B4F0700B83678 /* Resources */,
			);
			buildRules = (
			);
			dependencies = (
				FAAA8C30265B4F0700B83678 /* PBXTargetDependency */,
			);
			name = HomeTests;
			productName = HomeTests;
			productReference = FAAA8C2D265B4F0700B83678 /* HomeTests.xctest */;
			productType = "com.apple.product-type.bundle.unit-test";
		};
/* End PBXNativeTarget section */

/* Begin PBXProject section */
		FAAA8C1B265B4F0700B83678 /* Project object */ = {
			isa = PBXProject;
			attributes = {
				LastSwiftUpdateCheck = 1240;
				LastUpgradeCheck = 1240;
				TargetAttributes = {
					FAAA8C23265B4F0700B83678 = {
						CreatedOnToolsVersion = 12.4;
						LastSwiftMigration = 1240;
					};
					FAAA8C2C265B4F0700B83678 = {
						CreatedOnToolsVersion = 12.4;
					};
				};
			};
			buildConfigurationList = FAAA8C1E265B4F0700B83678 /* Build configuration list for PBXProject "Home" */;
			compatibilityVersion = "Xcode 9.3";
			developmentRegion = en;
			hasScannedForEncodings = 0;
			knownRegions = (
				en,
				Base,
			);
			mainGroup = FAAA8C1A265B4F0700B83678;
			productRefGroup = FAAA8C25265B4F0700B83678 /* Products */;
			projectDirPath = "";
			projectRoot = "";
			targets = (
				FAAA8C23265B4F0700B83678 /* Home */,
				FAAA8C2C265B4F0700B83678 /* HomeTests */,
			);
		};
/* End PBXProject section */

/* Begin PBXResourcesBuildPhase section */
		FAAA8C22265B4F0700B83678 /* Resources */ = {
			isa = PBXResourcesBuildPhase;
			buildActionMask = 2147483647;
			files = (
				FA5224E6265C9B8C00DB7BEE /* Asset.xcassets in Resources */,
				FA522542265CEAEF00DB7BEE /* DashboardViewCell.xib in Resources */,
				FAAA8D65265BB02D00B83678 /* HomeViewController.xib in Resources */,
			);
			runOnlyForDeploymentPostprocessing = 0;
		};
		FAAA8C2B265B4F0700B83678 /* Resources */ = {
			isa = PBXResourcesBuildPhase;
			buildActionMask = 2147483647;
			files = (
			);
			runOnlyForDeploymentPostprocessing = 0;
		};
/* End PBXResourcesBuildPhase section */

/* Begin PBXShellScriptBuildPhase section */
		89BC1872E293F37FA631AB35 /* [CP] Check Pods Manifest.lock */ = {
			isa = PBXShellScriptBuildPhase;
			buildActionMask = 2147483647;
			files = (
			);
			inputFileListPaths = (
			);
			inputPaths = (
				"${PODS_PODFILE_DIR_PATH}/Podfile.lock",
				"${PODS_ROOT}/Manifest.lock",
			);
			name = "[CP] Check Pods Manifest.lock";
			outputFileListPaths = (
			);
			outputPaths = (
				"$(DERIVED_FILE_DIR)/Pods-Home-checkManifestLockResult.txt",
			);
			runOnlyForDeploymentPostprocessing = 0;
			shellPath = /bin/sh;
			shellScript = "diff \"${PODS_PODFILE_DIR_PATH}/Podfile.lock\" \"${PODS_ROOT}/Manifest.lock\" > /dev/null\nif [ $? != 0 ] ; then\n    # print error to STDERR\n    echo \"error: The sandbox is not in sync with the Podfile.lock. Run 'pod install' or update your CocoaPods installation.\" >&2\n    exit 1\nfi\n# This output is used by Xcode 'outputs' to avoid re-running this script phase.\necho \"SUCCESS\" > \"${SCRIPT_OUTPUT_FILE_0}\"\n";
			showEnvVarsInLog = 0;
		};
/* End PBXShellScriptBuildPhase section */

/* Begin PBXSourcesBuildPhase section */
		FAAA8C20265B4F0700B83678 /* Sources */ = {
			isa = PBXSourcesBuildPhase;
			buildActionMask = 2147483647;
			files = (
				FA5224E9265CA1DF00DB7BEE /* HomeDataSource.swift in Sources */,
				FAAA8D5F265BAFC900B83678 /* UserProfileEntity.swift in Sources */,
				FA5224F0265CAA2900DB7BEE /* HomeRouter.swift in Sources */,
				FA522502265CAEC000DB7BEE /* HomePresenter.swift in Sources */,
				FA5224F4265CAA7F00DB7BEE /* HomeRouterImpl.swift in Sources */,
				FA5224EC265CA8C300DB7BEE /* HomeView.swift in Sources */,
				FA84281F265E0CA2001A0EF6 /* DashBoardCellDelegate.swift in Sources */,
				FA5224F8265CAB5C00DB7BEE /* HomeInteractor.swift in Sources */,
				FAAA8D64265BB02D00B83678 /* HomeViewController.swift in Sources */,
				FA522541265CEAEF00DB7BEE /* DashboardViewCell.swift in Sources */,
				FA5224FB265CAB8900DB7BEE /* HomeInteractorOutput.swift in Sources */,
				FA522505265CAF1100DB7BEE /* HomePresenterImpl.swift in Sources */,
				FA5224FE265CABE200DB7BEE /* HomeInteractorImpl.swift in Sources */,
			);
			runOnlyForDeploymentPostprocessing = 0;
		};
		FAAA8C29265B4F0700B83678 /* Sources */ = {
			isa = PBXSourcesBuildPhase;
			buildActionMask = 2147483647;
			files = (
				FAAA8C33265B4F0700B83678 /* HomeTests.swift in Sources */,
			);
			runOnlyForDeploymentPostprocessing = 0;
		};
/* End PBXSourcesBuildPhase section */

/* Begin PBXTargetDependency section */
		FAAA8C30265B4F0700B83678 /* PBXTargetDependency */ = {
			isa = PBXTargetDependency;
			target = FAAA8C23265B4F0700B83678 /* Home */;
			targetProxy = FAAA8C2F265B4F0700B83678 /* PBXContainerItemProxy */;
		};
/* End PBXTargetDependency section */

/* Begin XCBuildConfiguration section */
		FAAA8C36265B4F0700B83678 /* Debug */ = {
			isa = XCBuildConfiguration;
			buildSettings = {
				ALWAYS_SEARCH_USER_PATHS = NO;
				CLANG_ANALYZER_NONNULL = YES;
				CLANG_ANALYZER_NUMBER_OBJECT_CONVERSION = YES_AGGRESSIVE;
				CLANG_CXX_LANGUAGE_STANDARD = "gnu++14";
				CLANG_CXX_LIBRARY = "libc++";
				CLANG_ENABLE_MODULES = YES;
				CLANG_ENABLE_OBJC_ARC = YES;
				CLANG_ENABLE_OBJC_WEAK = YES;
				CLANG_WARN_BLOCK_CAPTURE_AUTORELEASING = YES;
				CLANG_WARN_BOOL_CONVERSION = YES;
				CLANG_WARN_COMMA = YES;
				CLANG_WARN_CONSTANT_CONVERSION = YES;
				CLANG_WARN_DEPRECATED_OBJC_IMPLEMENTATIONS = YES;
				CLANG_WARN_DIRECT_OBJC_ISA_USAGE = YES_ERROR;
				CLANG_WARN_DOCUMENTATION_COMMENTS = YES;
				CLANG_WARN_EMPTY_BODY = YES;
				CLANG_WARN_ENUM_CONVERSION = YES;
				CLANG_WARN_INFINITE_RECURSION = YES;
				CLANG_WARN_INT_CONVERSION = YES;
				CLANG_WARN_NON_LITERAL_NULL_CONVERSION = YES;
				CLANG_WARN_OBJC_IMPLICIT_RETAIN_SELF = YES;
				CLANG_WARN_OBJC_LITERAL_CONVERSION = YES;
				CLANG_WARN_OBJC_ROOT_CLASS = YES_ERROR;
				CLANG_WARN_QUOTED_INCLUDE_IN_FRAMEWORK_HEADER = YES;
				CLANG_WARN_RANGE_LOOP_ANALYSIS = YES;
				CLANG_WARN_STRICT_PROTOTYPES = YES;
				CLANG_WARN_SUSPICIOUS_MOVE = YES;
				CLANG_WARN_UNGUARDED_AVAILABILITY = YES_AGGRESSIVE;
				CLANG_WARN_UNREACHABLE_CODE = YES;
				CLANG_WARN__DUPLICATE_METHOD_MATCH = YES;
				COPY_PHASE_STRIP = NO;
				CURRENT_PROJECT_VERSION = 1;
				DEBUG_INFORMATION_FORMAT = dwarf;
				ENABLE_STRICT_OBJC_MSGSEND = YES;
				ENABLE_TESTABILITY = YES;
				GCC_C_LANGUAGE_STANDARD = gnu11;
				GCC_DYNAMIC_NO_PIC = NO;
				GCC_NO_COMMON_BLOCKS = YES;
				GCC_OPTIMIZATION_LEVEL = 0;
				GCC_PREPROCESSOR_DEFINITIONS = (
					"DEBUG=1",
					"$(inherited)",
				);
				GCC_WARN_64_TO_32_BIT_CONVERSION = YES;
				GCC_WARN_ABOUT_RETURN_TYPE = YES_ERROR;
				GCC_WARN_UNDECLARED_SELECTOR = YES;
				GCC_WARN_UNINITIALIZED_AUTOS = YES_AGGRESSIVE;
				GCC_WARN_UNUSED_FUNCTION = YES;
				GCC_WARN_UNUSED_VARIABLE = YES;
				IPHONEOS_DEPLOYMENT_TARGET = 14.4;
				MTL_ENABLE_DEBUG_INFO = INCLUDE_SOURCE;
				MTL_FAST_MATH = YES;
				ONLY_ACTIVE_ARCH = YES;
				SDKROOT = iphoneos;
				SWIFT_ACTIVE_COMPILATION_CONDITIONS = DEBUG;
				SWIFT_OPTIMIZATION_LEVEL = "-Onone";
				VERSIONING_SYSTEM = "apple-generic";
				VERSION_INFO_PREFIX = "";
			};
			name = Debug;
		};
		FAAA8C37265B4F0700B83678 /* Release */ = {
			isa = XCBuildConfiguration;
			buildSettings = {
				ALWAYS_SEARCH_USER_PATHS = NO;
				CLANG_ANALYZER_NONNULL = YES;
				CLANG_ANALYZER_NUMBER_OBJECT_CONVERSION = YES_AGGRESSIVE;
				CLANG_CXX_LANGUAGE_STANDARD = "gnu++14";
				CLANG_CXX_LIBRARY = "libc++";
				CLANG_ENABLE_MODULES = YES;
				CLANG_ENABLE_OBJC_ARC = YES;
				CLANG_ENABLE_OBJC_WEAK = YES;
				CLANG_WARN_BLOCK_CAPTURE_AUTORELEASING = YES;
				CLANG_WARN_BOOL_CONVERSION = YES;
				CLANG_WARN_COMMA = YES;
				CLANG_WARN_CONSTANT_CONVERSION = YES;
				CLANG_WARN_DEPRECATED_OBJC_IMPLEMENTATIONS = YES;
				CLANG_WARN_DIRECT_OBJC_ISA_USAGE = YES_ERROR;
				CLANG_WARN_DOCUMENTATION_COMMENTS = YES;
				CLANG_WARN_EMPTY_BODY = YES;
				CLANG_WARN_ENUM_CONVERSION = YES;
				CLANG_WARN_INFINITE_RECURSION = YES;
				CLANG_WARN_INT_CONVERSION = YES;
				CLANG_WARN_NON_LITERAL_NULL_CONVERSION = YES;
				CLANG_WARN_OBJC_IMPLICIT_RETAIN_SELF = YES;
				CLANG_WARN_OBJC_LITERAL_CONVERSION = YES;
				CLANG_WARN_OBJC_ROOT_CLASS = YES_ERROR;
				CLANG_WARN_QUOTED_INCLUDE_IN_FRAMEWORK_HEADER = YES;
				CLANG_WARN_RANGE_LOOP_ANALYSIS = YES;
				CLANG_WARN_STRICT_PROTOTYPES = YES;
				CLANG_WARN_SUSPICIOUS_MOVE = YES;
				CLANG_WARN_UNGUARDED_AVAILABILITY = YES_AGGRESSIVE;
				CLANG_WARN_UNREACHABLE_CODE = YES;
				CLANG_WARN__DUPLICATE_METHOD_MATCH = YES;
				COPY_PHASE_STRIP = NO;
				CURRENT_PROJECT_VERSION = 1;
				DEBUG_INFORMATION_FORMAT = "dwarf-with-dsym";
				ENABLE_NS_ASSERTIONS = NO;
				ENABLE_STRICT_OBJC_MSGSEND = YES;
				GCC_C_LANGUAGE_STANDARD = gnu11;
				GCC_NO_COMMON_BLOCKS = YES;
				GCC_WARN_64_TO_32_BIT_CONVERSION = YES;
				GCC_WARN_ABOUT_RETURN_TYPE = YES_ERROR;
				GCC_WARN_UNDECLARED_SELECTOR = YES;
				GCC_WARN_UNINITIALIZED_AUTOS = YES_AGGRESSIVE;
				GCC_WARN_UNUSED_FUNCTION = YES;
				GCC_WARN_UNUSED_VARIABLE = YES;
				IPHONEOS_DEPLOYMENT_TARGET = 14.4;
				MTL_ENABLE_DEBUG_INFO = NO;
				MTL_FAST_MATH = YES;
				SDKROOT = iphoneos;
				SWIFT_COMPILATION_MODE = wholemodule;
				SWIFT_OPTIMIZATION_LEVEL = "-O";
				VALIDATE_PRODUCT = YES;
				VERSIONING_SYSTEM = "apple-generic";
				VERSION_INFO_PREFIX = "";
			};
			name = Release;
		};
		FAAA8C39265B4F0700B83678 /* Debug */ = {
			isa = XCBuildConfiguration;
			baseConfigurationReference = 80A60FEE4EE12AB9EEAFF394 /* Pods-Home.debug.xcconfig */;
			buildSettings = {
				CLANG_ENABLE_MODULES = YES;
				CODE_SIGN_STYLE = Automatic;
				DEFINES_MODULE = YES;
				DEVELOPMENT_TEAM = T52Z585B79;
				DYLIB_COMPATIBILITY_VERSION = 1;
				DYLIB_CURRENT_VERSION = 1;
				DYLIB_INSTALL_NAME_BASE = "@rpath";
				INFOPLIST_FILE = Home/Info.plist;
				INSTALL_PATH = "$(LOCAL_LIBRARY_DIR)/Frameworks";
				IPHONEOS_DEPLOYMENT_TARGET = 12.1;
				LD_RUNPATH_SEARCH_PATHS = (
					"$(inherited)",
					"@executable_path/Frameworks",
					"@loader_path/Frameworks",
				);
				PRODUCT_BUNDLE_IDENTIFIER = com.casestudy.Home;
				PRODUCT_NAME = "$(TARGET_NAME:c99extidentifier)";
				SKIP_INSTALL = YES;
				SUPPORTS_MACCATALYST = NO;
				SWIFT_OPTIMIZATION_LEVEL = "-Onone";
				SWIFT_VERSION = 5.0;
				TARGETED_DEVICE_FAMILY = "1,2";
			};
			name = Debug;
		};
		FAAA8C3A265B4F0700B83678 /* Release */ = {
			isa = XCBuildConfiguration;
			baseConfigurationReference = 597C4F200E61EB9A73C361E4 /* Pods-Home.release.xcconfig */;
			buildSettings = {
				CLANG_ENABLE_MODULES = YES;
				CODE_SIGN_STYLE = Automatic;
				DEFINES_MODULE = YES;
				DEVELOPMENT_TEAM = T52Z585B79;
				DYLIB_COMPATIBILITY_VERSION = 1;
				DYLIB_CURRENT_VERSION = 1;
				DYLIB_INSTALL_NAME_BASE = "@rpath";
				INFOPLIST_FILE = Home/Info.plist;
				INSTALL_PATH = "$(LOCAL_LIBRARY_DIR)/Frameworks";
				IPHONEOS_DEPLOYMENT_TARGET = 12.1;
				LD_RUNPATH_SEARCH_PATHS = (
					"$(inherited)",
					"@executable_path/Frameworks",
					"@loader_path/Frameworks",
				);
				PRODUCT_BUNDLE_IDENTIFIER = com.casestudy.Home;
				PRODUCT_NAME = "$(TARGET_NAME:c99extidentifier)";
				SKIP_INSTALL = YES;
				SUPPORTS_MACCATALYST = NO;
				SWIFT_VERSION = 5.0;
				TARGETED_DEVICE_FAMILY = "1,2";
			};
			name = Release;
		};
		FAAA8C3C265B4F0700B83678 /* Debug */ = {
			isa = XCBuildConfiguration;
			buildSettings = {
				ALWAYS_EMBED_SWIFT_STANDARD_LIBRARIES = YES;
				CODE_SIGN_STYLE = Automatic;
				DEVELOPMENT_TEAM = T52Z585B79;
				INFOPLIST_FILE = HomeTests/Info.plist;
				LD_RUNPATH_SEARCH_PATHS = (
					"$(inherited)",
					"@executable_path/Frameworks",
					"@loader_path/Frameworks",
				);
				PRODUCT_BUNDLE_IDENTIFIER = com.casestudy.HomeTests;
				PRODUCT_NAME = "$(TARGET_NAME)";
				SWIFT_VERSION = 5.0;
				TARGETED_DEVICE_FAMILY = "1,2";
			};
			name = Debug;
		};
		FAAA8C3D265B4F0700B83678 /* Release */ = {
			isa = XCBuildConfiguration;
			buildSettings = {
				ALWAYS_EMBED_SWIFT_STANDARD_LIBRARIES = YES;
				CODE_SIGN_STYLE = Automatic;
				DEVELOPMENT_TEAM = T52Z585B79;
				INFOPLIST_FILE = HomeTests/Info.plist;
				LD_RUNPATH_SEARCH_PATHS = (
					"$(inherited)",
					"@executable_path/Frameworks",
					"@loader_path/Frameworks",
				);
				PRODUCT_BUNDLE_IDENTIFIER = com.casestudy.HomeTests;
				PRODUCT_NAME = "$(TARGET_NAME)";
				SWIFT_VERSION = 5.0;
				TARGETED_DEVICE_FAMILY = "1,2";
			};
			name = Release;
		};
/* End XCBuildConfiguration section */

/* Begin XCConfigurationList section */
		FAAA8C1E265B4F0700B83678 /* Build configuration list for PBXProject "Home" */ = {
			isa = XCConfigurationList;
			buildConfigurations = (
				FAAA8C36265B4F0700B83678 /* Debug */,
				FAAA8C37265B4F0700B83678 /* Release */,
			);
			defaultConfigurationIsVisible = 0;
			defaultConfigurationName = Release;
		};
		FAAA8C38265B4F0700B83678 /* Build configuration list for PBXNativeTarget "Home" */ = {
			isa = XCConfigurationList;
			buildConfigurations = (
				FAAA8C39265B4F0700B83678 /* Debug */,
				FAAA8C3A265B4F0700B83678 /* Release */,
			);
			defaultConfigurationIsVisible = 0;
			defaultConfigurationName = Release;
		};
		FAAA8C3B265B4F0700B83678 /* Build configuration list for PBXNativeTarget "HomeTests" */ = {
			isa = XCConfigurationList;
			buildConfigurations = (
				FAAA8C3C265B4F0700B83678 /* Debug */,
				FAAA8C3D265B4F0700B83678 /* Release */,
			);
			defaultConfigurationIsVisible = 0;
			defaultConfigurationName = Release;
		};
/* End XCConfigurationList section */
	};
	rootObject = FAAA8C1B265B4F0700B83678 /* Project object */;
}
